
Microsoft Visual Studio Solution File, Format Version 12.00
# Visual Studio Version 16
VisualStudioVersion = 16.0.30907.101
MinimumVisualStudioVersion = 10.0.40219.1
Project("{9A19103F-16F7-4668-BE54-9A1E7A4F7556}") = "ProductGrpc", "ProductGrpc\ProductGrpc.csproj", "{209AD20C-1FFA-4251-A400-863A5AD7FE61}"
EndProject
Project("{9A19103F-16F7-4668-BE54-9A1E7A4F7556}") = "ProductGrpcClient", "ProductGrpcClient\ProductGrpcClient.csproj", "{08FCC943-2C41-4D1C-9339-81B21F2F56B2}"
EndProject
Project("{9A19103F-16F7-4668-BE54-9A1E7A4F7556}") = "ProjectWorkerService", "ProjectWorkerService\ProjectWorkerService.csproj", "{E9DB6ABA-5C32-4ACC-B8C5-B8BB58F211B7}"
EndProject
Project("{2150E333-8FDC-42A3-9474-1A3956D46DE8}") = "Product", "Product", "{B3340B65-9B0F-439F-9E32-AC99446CD3A1}"
EndProject
Project("{2150E333-8FDC-42A3-9474-1A3956D46DE8}") = "ShoppingCart", "ShoppingCart", "{330A87B4-D70A-4F16-994C-622993CE5562}"
EndProject
Project("{9A19103F-16F7-4668-BE54-9A1E7A4F7556}") = "ShoppingCartGrpc", "ShoppingCartGrpc\ShoppingCartGrpc.csproj", "{74FB3BB7-BE57-4F48-AEDA-E763EBC252F7}"
EndProject
Project("{2150E333-8FDC-42A3-9474-1A3956D46DE8}") = "Discount", "Discount", "{26051944-8F10-4F5F-9B17-61E77E8CBB91}"
EndProject
Project("{9A19103F-16F7-4668-BE54-9A1E7A4F7556}") = "DiscountGrpc", "DiscountGrpc\DiscountGrpc.csproj", "{FF31F71C-12DD-4B49-9A32-4CE56EBAD1D5}"
EndProject
Project("{9A19103F-16F7-4668-BE54-9A1E7A4F7556}") = "ShoppingCartWorkingService", "ShoppingCartWorkingService\ShoppingCartWorkingService.csproj", "{C55AC234-BA78-4EF7-B100-454F23FBDD9C}"
EndProject
Project("{2150E333-8FDC-42A3-9474-1A3956D46DE8}") = "Authentication", "Authentication", "{6740469E-1ACE-4457-B468-942E42887D84}"
EndProject
Project("{FAE04EC0-301F-11D3-BF4B-00C04F79EFBC}") = "IdentityServer", "IdentityServer\IdentityServer.csproj", "{AFD0230A-9EF2-4D71-8412-BC678135EBEE}"
EndProject
Global
	GlobalSection(SolutionConfigurationPlatforms) = preSolution
		Debug|Any CPU = Debug|Any CPU
		Release|Any CPU = Release|Any CPU
	EndGlobalSection
	GlobalSection(ProjectConfigurationPlatforms) = postSolution
		{209AD20C-1FFA-4251-A400-863A5AD7FE61}.Debug|Any CPU.ActiveCfg = Debug|Any CPU
		{209AD20C-1FFA-4251-A400-863A5AD7FE61}.Debug|Any CPU.Build.0 = Debug|Any CPU
		{209AD20C-1FFA-4251-A400-863A5AD7FE61}.Release|Any CPU.ActiveCfg = Release|Any CPU
		{209AD20C-1FFA-4251-A400-863A5AD7FE61}.Release|Any CPU.Build.0 = Release|Any CPU
		{08FCC943-2C41-4D1C-9339-81B21F2F56B2}.Debug|Any CPU.ActiveCfg = Debug|Any CPU
		{08FCC943-2C41-4D1C-9339-81B21F2F56B2}.Debug|Any CPU.Build.0 = Debug|Any CPU
		{08FCC943-2C41-4D1C-9339-81B21F2F56B2}.Release|Any CPU.ActiveCfg = Release|Any CPU
		{08FCC943-2C41-4D1C-9339-81B21F2F56B2}.Release|Any CPU.Build.0 = Release|Any CPU
		{E9DB6ABA-5C32-4ACC-B8C5-B8BB58F211B7}.Debug|Any CPU.ActiveCfg = Debug|Any CPU
		{E9DB6ABA-5C32-4ACC-B8C5-B8BB58F211B7}.Debug|Any CPU.Build.0 = Debug|Any CPU
		{E9DB6ABA-5C32-4ACC-B8C5-B8BB58F211B7}.Release|Any CPU.ActiveCfg = Release|Any CPU
		{E9DB6ABA-5C32-4ACC-B8C5-B8BB58F211B7}.Release|Any CPU.Build.0 = Release|Any CPU
		{74FB3BB7-BE57-4F48-AEDA-E763EBC252F7}.Debug|Any CPU.ActiveCfg = Debug|Any CPU
		{74FB3BB7-BE57-4F48-AEDA-E763EBC252F7}.Debug|Any CPU.Build.0 = Debug|Any CPU
		{74FB3BB7-BE57-4F48-AEDA-E763EBC252F7}.Release|Any CPU.ActiveCfg = Release|Any CPU
		{74FB3BB7-BE57-4F48-AEDA-E763EBC252F7}.Release|Any CPU.Build.0 = Release|Any CPU
		{FF31F71C-12DD-4B49-9A32-4CE56EBAD1D5}.Debug|Any CPU.ActiveCfg = Debug|Any CPU
		{FF31F71C-12DD-4B49-9A32-4CE56EBAD1D5}.Debug|Any CPU.Build.0 = Debug|Any CPU
		{FF31F71C-12DD-4B49-9A32-4CE56EBAD1D5}.Release|Any CPU.ActiveCfg = Release|Any CPU
		{FF31F71C-12DD-4B49-9A32-4CE56EBAD1D5}.Release|Any CPU.Build.0 = Release|Any CPU
		{C55AC234-BA78-4EF7-B100-454F23FBDD9C}.Debug|Any CPU.ActiveCfg = Debug|Any CPU
		{C55AC234-BA78-4EF7-B100-454F23FBDD9C}.Debug|Any CPU.Build.0 = Debug|Any CPU
		{C55AC234-BA78-4EF7-B100-454F23FBDD9C}.Release|Any CPU.ActiveCfg = Release|Any CPU
		{C55AC234-BA78-4EF7-B100-454F23FBDD9C}.Release|Any CPU.Build.0 = Release|Any CPU
		{AFD0230A-9EF2-4D71-8412-BC678135EBEE}.Debug|Any CPU.ActiveCfg = Debug|Any CPU
		{AFD0230A-9EF2-4D71-8412-BC678135EBEE}.Debug|Any CPU.Build.0 = Debug|Any CPU
		{AFD0230A-9EF2-4D71-8412-BC678135EBEE}.Release|Any CPU.ActiveCfg = Release|Any CPU
		{AFD0230A-9EF2-4D71-8412-BC678135EBEE}.Release|Any CPU.Build.0 = Release|Any CPU
	EndGlobalSection
	GlobalSection(SolutionProperties) = preSolution
		HideSolutionNode = FALSE
	EndGlobalSection
	GlobalSection(NestedProjects) = preSolution
		{209AD20C-1FFA-4251-A400-863A5AD7FE61} = {B3340B65-9B0F-439F-9E32-AC99446CD3A1}
		{08FCC943-2C41-4D1C-9339-81B21F2F56B2} = {B3340B65-9B0F-439F-9E32-AC99446CD3A1}
		{E9DB6ABA-5C32-4ACC-B8C5-B8BB58F211B7} = {B3340B65-9B0F-439F-9E32-AC99446CD3A1}
		{74FB3BB7-BE57-4F48-AEDA-E763EBC252F7} = {330A87B4-D70A-4F16-994C-622993CE5562}
		{FF31F71C-12DD-4B49-9A32-4CE56EBAD1D5} = {26051944-8F10-4F5F-9B17-61E77E8CBB91}
		{C55AC234-BA78-4EF7-B100-454F23FBDD9C} = {330A87B4-D70A-4F16-994C-622993CE5562}
		{AFD0230A-9EF2-4D71-8412-BC678135EBEE} = {6740469E-1ACE-4457-B468-942E42887D84}
	EndGlobalSection
	GlobalSection(ExtensibilityGlobals) = postSolution
		SolutionGuid = {624D3064-4BC7-46C9-A232-83D974D39F68}
	EndGlobalSection
EndGlobal
